
Microsoft Visual Studio Solution File, Format Version 12.00
# Visual Studio 14
VisualStudioVersion = 14.0.25420.1
MinimumVisualStudioVersion = 10.0.40219.1
Project("{FAE04EC0-301F-11D3-BF4B-00C04F79EFBC}") = "TaskTracker.Model", "TaskTracker.Model\TaskTracker.Model.csproj", "{D428C11D-851F-4B75-8DAE-10C1FE49CD21}"
EndProject
Project("{FAE04EC0-301F-11D3-BF4B-00C04F79EFBC}") = "TaskTracker.Repository", "TaskTracker.Repository\TaskTracker.Repository.csproj", "{2FC979F8-2872-412A-B528-3D6AE3B9227A}"
EndProject
Project("{FAE04EC0-301F-11D3-BF4B-00C04F79EFBC}") = "TaskTracker.Repository.Sql", "TaskTracker.Repository.Sql\TaskTracker.Repository.Sql.csproj", "{D4626570-899A-423A-9A67-3688E834BEBF}"
EndProject
Project("{FAE04EC0-301F-11D3-BF4B-00C04F79EFBC}") = "TaskTracker.Service", "TaskTracker.Service\TaskTracker.Service.csproj", "{3DCD757A-0D08-45C7-B3A8-B4B960B0D1AA}"
EndProject
Project("{FAE04EC0-301F-11D3-BF4B-00C04F79EFBC}") = "TaskTracker.Common", "TaskTracker.Common\TaskTracker.Common.csproj", "{1AD359AD-DCCF-497E-94EE-2522DCB50023}"
EndProject
Project("{FAE04EC0-301F-11D3-BF4B-00C04F79EFBC}") = "TaskTracker.Presentation.WPF", "TaskTracker.Presentation.WPF\TaskTracker.Presentation.WPF.csproj", "{EF582F37-67A4-4EEF-8183-7C33431BA8BD}"
EndProject
Project("{2150E333-8FDC-42A3-9474-1A3956D46DE8}") = "1. Presentation Layer", "1. Presentation Layer", "{C3346A01-CD2C-461F-9F25-9B7871DC472B}"
EndProject
Project("{2150E333-8FDC-42A3-9474-1A3956D46DE8}") = "2. Data Access Layer", "2. Data Access Layer", "{08EDB33C-0089-4CDF-AB93-0F78D912C8DF}"
EndProject
Project("{2150E333-8FDC-42A3-9474-1A3956D46DE8}") = "3. Domain Layer", "3. Domain Layer", "{8EEAA7D8-54F0-475D-9C5B-87D26AE55118}"
EndProject
Project("{2150E333-8FDC-42A3-9474-1A3956D46DE8}") = "4. Common", "4. Common", "{B1264989-8BF8-42E8-BFA8-1C6CF8B5C875}"
EndProject
Project("{2150E333-8FDC-42A3-9474-1A3956D46DE8}") = "0. Applications", "0. Applications", "{1E7884F8-02B6-49F0-9FEC-2289019E36D3}"
EndProject
Project("{FAE04EC0-301F-11D3-BF4B-00C04F79EFBC}") = "TaskTracker.App.WPF", "TaskTracker.App.WPF\TaskTracker.App.WPF.csproj", "{B2E7F62F-349E-4EC8-8895-DB69F1156C61}"
EndProject
Project("{FAE04EC0-301F-11D3-BF4B-00C04F79EFBC}") = "TaskTracker.App.WPF.ServiceClient", "TaskTracker.App.WPF.ServiceClient\TaskTracker.App.WPF.ServiceClient.csproj", "{31B01C09-7983-4FE6-B9FC-B418ABFA821F}"
EndProject
Project("{FAE04EC0-301F-11D3-BF4B-00C04F79EFBC}") = "TaskTracker.Service.ConsoleHostApp", "TaskTracker.Service.ConsoleHostApp\TaskTracker.Service.ConsoleHostApp.csproj", "{E302792A-D0E0-4F59-9B7D-C1B27836A4C0}"
EndProject
Project("{2150E333-8FDC-42A3-9474-1A3956D46DE8}") = "5. QA", "5. QA", "{8C765DCC-EC54-4DA8-AC12-368F8E245D77}"
EndProject
Project("{FAE04EC0-301F-11D3-BF4B-00C04F79EFBC}") = "TaskTracker.Common.Tests", "TaskTracker.Common.Tests\TaskTracker.Common.Tests.csproj", "{65C69244-34E2-40B4-9459-DB0B834ACD63}"
EndProject
Project("{FAE04EC0-301F-11D3-BF4B-00C04F79EFBC}") = "TaskTracker.Presentation.WPF.Tests", "TaskTracker.Presentation.WPF.Tests\TaskTracker.Presentation.WPF.Tests.csproj", "{7493AA4A-C3A1-40AF-8DB2-181917E13F7D}"
EndProject
Global
	GlobalSection(SolutionConfigurationPlatforms) = preSolution
		Debug|Any CPU = Debug|Any CPU
		Release|Any CPU = Release|Any CPU
	EndGlobalSection
	GlobalSection(ProjectConfigurationPlatforms) = postSolution
		{D428C11D-851F-4B75-8DAE-10C1FE49CD21}.Debug|Any CPU.ActiveCfg = Debug|Any CPU
		{D428C11D-851F-4B75-8DAE-10C1FE49CD21}.Debug|Any CPU.Build.0 = Debug|Any CPU
		{D428C11D-851F-4B75-8DAE-10C1FE49CD21}.Release|Any CPU.ActiveCfg = Release|Any CPU
		{D428C11D-851F-4B75-8DAE-10C1FE49CD21}.Release|Any CPU.Build.0 = Release|Any CPU
		{2FC979F8-2872-412A-B528-3D6AE3B9227A}.Debug|Any CPU.ActiveCfg = Debug|Any CPU
		{2FC979F8-2872-412A-B528-3D6AE3B9227A}.Debug|Any CPU.Build.0 = Debug|Any CPU
		{2FC979F8-2872-412A-B528-3D6AE3B9227A}.Release|Any CPU.ActiveCfg = Release|Any CPU
		{2FC979F8-2872-412A-B528-3D6AE3B9227A}.Release|Any CPU.Build.0 = Release|Any CPU
		{D4626570-899A-423A-9A67-3688E834BEBF}.Debug|Any CPU.ActiveCfg = Debug|Any CPU
		{D4626570-899A-423A-9A67-3688E834BEBF}.Debug|Any CPU.Build.0 = Debug|Any CPU
		{D4626570-899A-423A-9A67-3688E834BEBF}.Release|Any CPU.ActiveCfg = Release|Any CPU
		{D4626570-899A-423A-9A67-3688E834BEBF}.Release|Any CPU.Build.0 = Release|Any CPU
		{3DCD757A-0D08-45C7-B3A8-B4B960B0D1AA}.Debug|Any CPU.ActiveCfg = Debug|Any CPU
		{3DCD757A-0D08-45C7-B3A8-B4B960B0D1AA}.Debug|Any CPU.Build.0 = Debug|Any CPU
		{3DCD757A-0D08-45C7-B3A8-B4B960B0D1AA}.Release|Any CPU.ActiveCfg = Release|Any CPU
		{3DCD757A-0D08-45C7-B3A8-B4B960B0D1AA}.Release|Any CPU.Build.0 = Release|Any CPU
		{1AD359AD-DCCF-497E-94EE-2522DCB50023}.Debug|Any CPU.ActiveCfg = Debug|Any CPU
		{1AD359AD-DCCF-497E-94EE-2522DCB50023}.Debug|Any CPU.Build.0 = Debug|Any CPU
		{1AD359AD-DCCF-497E-94EE-2522DCB50023}.Release|Any CPU.ActiveCfg = Release|Any CPU
		{1AD359AD-DCCF-497E-94EE-2522DCB50023}.Release|Any CPU.Build.0 = Release|Any CPU
		{EF582F37-67A4-4EEF-8183-7C33431BA8BD}.Debug|Any CPU.ActiveCfg = Debug|Any CPU
		{EF582F37-67A4-4EEF-8183-7C33431BA8BD}.Debug|Any CPU.Build.0 = Debug|Any CPU
		{EF582F37-67A4-4EEF-8183-7C33431BA8BD}.Release|Any CPU.ActiveCfg = Release|Any CPU
		{EF582F37-67A4-4EEF-8183-7C33431BA8BD}.Release|Any CPU.Build.0 = Release|Any CPU
		{B2E7F62F-349E-4EC8-8895-DB69F1156C61}.Debug|Any CPU.ActiveCfg = Debug|Any CPU
		{B2E7F62F-349E-4EC8-8895-DB69F1156C61}.Debug|Any CPU.Build.0 = Debug|Any CPU
		{B2E7F62F-349E-4EC8-8895-DB69F1156C61}.Release|Any CPU.ActiveCfg = Release|Any CPU
		{B2E7F62F-349E-4EC8-8895-DB69F1156C61}.Release|Any CPU.Build.0 = Release|Any CPU
		{31B01C09-7983-4FE6-B9FC-B418ABFA821F}.Debug|Any CPU.ActiveCfg = Debug|Any CPU
		{31B01C09-7983-4FE6-B9FC-B418ABFA821F}.Debug|Any CPU.Build.0 = Debug|Any CPU
		{31B01C09-7983-4FE6-B9FC-B418ABFA821F}.Release|Any CPU.ActiveCfg = Release|Any CPU
		{31B01C09-7983-4FE6-B9FC-B418ABFA821F}.Release|Any CPU.Build.0 = Release|Any CPU
		{E302792A-D0E0-4F59-9B7D-C1B27836A4C0}.Debug|Any CPU.ActiveCfg = Debug|Any CPU
		{E302792A-D0E0-4F59-9B7D-C1B27836A4C0}.Debug|Any CPU.Build.0 = Debug|Any CPU
		{E302792A-D0E0-4F59-9B7D-C1B27836A4C0}.Release|Any CPU.ActiveCfg = Release|Any CPU
		{E302792A-D0E0-4F59-9B7D-C1B27836A4C0}.Release|Any CPU.Build.0 = Release|Any CPU
		{65C69244-34E2-40B4-9459-DB0B834ACD63}.Debug|Any CPU.ActiveCfg = Debug|Any CPU
		{65C69244-34E2-40B4-9459-DB0B834ACD63}.Debug|Any CPU.Build.0 = Debug|Any CPU
		{65C69244-34E2-40B4-9459-DB0B834ACD63}.Release|Any CPU.ActiveCfg = Release|Any CPU
		{65C69244-34E2-40B4-9459-DB0B834ACD63}.Release|Any CPU.Build.0 = Release|Any CPU
		{7493AA4A-C3A1-40AF-8DB2-181917E13F7D}.Debug|Any CPU.ActiveCfg = Debug|Any CPU
		{7493AA4A-C3A1-40AF-8DB2-181917E13F7D}.Debug|Any CPU.Build.0 = Debug|Any CPU
		{7493AA4A-C3A1-40AF-8DB2-181917E13F7D}.Release|Any CPU.ActiveCfg = Release|Any CPU
		{7493AA4A-C3A1-40AF-8DB2-181917E13F7D}.Release|Any CPU.Build.0 = Release|Any CPU
	EndGlobalSection
	GlobalSection(SolutionProperties) = preSolution
		HideSolutionNode = FALSE
	EndGlobalSection
	GlobalSection(NestedProjects) = preSolution
		{D428C11D-851F-4B75-8DAE-10C1FE49CD21} = {8EEAA7D8-54F0-475D-9C5B-87D26AE55118}
		{2FC979F8-2872-412A-B528-3D6AE3B9227A} = {08EDB33C-0089-4CDF-AB93-0F78D912C8DF}
		{D4626570-899A-423A-9A67-3688E834BEBF} = {08EDB33C-0089-4CDF-AB93-0F78D912C8DF}
		{3DCD757A-0D08-45C7-B3A8-B4B960B0D1AA} = {08EDB33C-0089-4CDF-AB93-0F78D912C8DF}
		{1AD359AD-DCCF-497E-94EE-2522DCB50023} = {B1264989-8BF8-42E8-BFA8-1C6CF8B5C875}
		{EF582F37-67A4-4EEF-8183-7C33431BA8BD} = {C3346A01-CD2C-461F-9F25-9B7871DC472B}
		{B2E7F62F-349E-4EC8-8895-DB69F1156C61} = {1E7884F8-02B6-49F0-9FEC-2289019E36D3}
		{31B01C09-7983-4FE6-B9FC-B418ABFA821F} = {1E7884F8-02B6-49F0-9FEC-2289019E36D3}
		{E302792A-D0E0-4F59-9B7D-C1B27836A4C0} = {1E7884F8-02B6-49F0-9FEC-2289019E36D3}
		{65C69244-34E2-40B4-9459-DB0B834ACD63} = {8C765DCC-EC54-4DA8-AC12-368F8E245D77}
		{7493AA4A-C3A1-40AF-8DB2-181917E13F7D} = {8C765DCC-EC54-4DA8-AC12-368F8E245D77}
	EndGlobalSection
EndGlobal
